
Microsoft Visual Studio Solution File, Format Version 12.00
# Visual Studio 15
VisualStudioVersion = 15.0.27428.2005
MinimumVisualStudioVersion = 10.0.40219.1
Project("{FAE04EC0-301F-11D3-BF4B-00C04F79EFBC}") = "WebApplication1", "WebApplication1\WebApplication1.csproj", "{B6649E94-E05F-4F23-93A2-944F7524D389}"
EndProject
Global
	GlobalSection(SolutionConfigurationPlatforms) = preSolution
		Debug|Any CPU = Debug|Any CPU
		Release|Any CPU = Release|Any CPU
	EndGlobalSection
	GlobalSection(ProjectConfigurationPlatforms) = postSolution
		{B6649E94-E05F-4F23-93A2-944F7524D389}.Debug|Any CPU.ActiveCfg = Debug|Any CPU
		{B6649E94-E05F-4F23-93A2-944F7524D389}.Debug|Any CPU.Build.0 = Debug|Any CPU
		{B6649E94-E05F-4F23-93A2-944F7524D389}.Release|Any CPU.ActiveCfg = Release|Any CPU
		{B6649E94-E05F-4F23-93A2-944F7524D389}.Release|Any CPU.Build.0 = Release|Any CPU
	EndGlobalSection
	GlobalSection(SolutionProperties) = preSolution
		HideSolutionNode = FALSE
	EndGlobalSection
	GlobalSection(ExtensibilityGlobals) = postSolution
		SolutionGuid = {8915792B-F2B8-49A6-8CEE-C30680ABDD3A}
	EndGlobalSection
EndGlobal
